
Microsoft Visual Studio Solution File, Format Version 12.00
# Visual Studio 15
VisualStudioVersion = 15.0.27703.2035
MinimumVisualStudioVersion = 10.0.40219.1
Project("{FAE04EC0-301F-11D3-BF4B-00C04F79EFBC}") = "CTransformer", "CTransformer\CTransformer.csproj", "{127FBBBF-4E73-4739-B402-7F02ABBC6481}"
EndProject
Global
	GlobalSection(SolutionConfigurationPlatforms) = preSolution
		Debug|Any CPU = Debug|Any CPU
		Release|Any CPU = Release|Any CPU
	EndGlobalSection
	GlobalSection(ProjectConfigurationPlatforms) = postSolution
		{127FBBBF-4E73-4739-B402-7F02ABBC6481}.Debug|Any CPU.ActiveCfg = Debug|Any CPU
		{127FBBBF-4E73-4739-B402-7F02ABBC6481}.Debug|Any CPU.Build.0 = Debug|Any CPU
		{127FBBBF-4E73-4739-B402-7F02ABBC6481}.Release|Any CPU.ActiveCfg = Release|Any CPU
		{127FBBBF-4E73-4739-B402-7F02ABBC6481}.Release|Any CPU.Build.0 = Release|Any CPU
	EndGlobalSection
	GlobalSection(SolutionProperties) = preSolution
		HideSolutionNode = FALSE
	EndGlobalSection
	GlobalSection(ExtensibilityGlobals) = postSolution
		SolutionGuid = {34A924AC-DC7A-435F-A9CD-47E827176D57}
	EndGlobalSection
EndGlobal
